
Microsoft Visual Studio Solution File, Format Version 12.00
# Visual Studio Version 17
VisualStudioVersion = 17.0.31903.59
MinimumVisualStudioVersion = 10.0.40219.1
Project("{FAE04EC0-301F-11D3-BF4B-00C04F79EFBC}") = "Application", "Application\Application.csproj", "{5E13668E-83D9-4B27-A81E-D760A4BC1A4F}"
EndProject
Project("{FAE04EC0-301F-11D3-BF4B-00C04F79EFBC}") = "Domain", "Domain\Domain.csproj", "{C4A9CC55-2438-4B79-9A52-558FEB7B7A8C}"
EndProject
Project("{FAE04EC0-301F-11D3-BF4B-00C04F79EFBC}") = "Persistence", "Persistence\Persistence.csproj", "{F91C7F44-3E6B-4780-AD55-9213F9B2D408}"
EndProject
Project("{FAE04EC0-301F-11D3-BF4B-00C04F79EFBC}") = "API", "API\API.csproj", "{365520CA-834D-4228-A54A-A23183F95A94}"
EndProject
Global
	GlobalSection(SolutionConfigurationPlatforms) = preSolution
		Debug|Any CPU = Debug|Any CPU
		Debug|x64 = Debug|x64
		Debug|x86 = Debug|x86
		Release|Any CPU = Release|Any CPU
		Release|x64 = Release|x64
		Release|x86 = Release|x86
	EndGlobalSection
	GlobalSection(ProjectConfigurationPlatforms) = postSolution
		{5E13668E-83D9-4B27-A81E-D760A4BC1A4F}.Debug|Any CPU.ActiveCfg = Debug|Any CPU
		{5E13668E-83D9-4B27-A81E-D760A4BC1A4F}.Debug|Any CPU.Build.0 = Debug|Any CPU
		{5E13668E-83D9-4B27-A81E-D760A4BC1A4F}.Debug|x64.ActiveCfg = Debug|Any CPU
		{5E13668E-83D9-4B27-A81E-D760A4BC1A4F}.Debug|x64.Build.0 = Debug|Any CPU
		{5E13668E-83D9-4B27-A81E-D760A4BC1A4F}.Debug|x86.ActiveCfg = Debug|Any CPU
		{5E13668E-83D9-4B27-A81E-D760A4BC1A4F}.Debug|x86.Build.0 = Debug|Any CPU
		{5E13668E-83D9-4B27-A81E-D760A4BC1A4F}.Release|Any CPU.ActiveCfg = Release|Any CPU
		{5E13668E-83D9-4B27-A81E-D760A4BC1A4F}.Release|Any CPU.Build.0 = Release|Any CPU
		{5E13668E-83D9-4B27-A81E-D760A4BC1A4F}.Release|x64.ActiveCfg = Release|Any CPU
		{5E13668E-83D9-4B27-A81E-D760A4BC1A4F}.Release|x64.Build.0 = Release|Any CPU
		{5E13668E-83D9-4B27-A81E-D760A4BC1A4F}.Release|x86.ActiveCfg = Release|Any CPU
		{5E13668E-83D9-4B27-A81E-D760A4BC1A4F}.Release|x86.Build.0 = Release|Any CPU
		{C4A9CC55-2438-4B79-9A52-558FEB7B7A8C}.Debug|Any CPU.ActiveCfg = Debug|Any CPU
		{C4A9CC55-2438-4B79-9A52-558FEB7B7A8C}.Debug|Any CPU.Build.0 = Debug|Any CPU
		{C4A9CC55-2438-4B79-9A52-558FEB7B7A8C}.Debug|x64.ActiveCfg = Debug|Any CPU
		{C4A9CC55-2438-4B79-9A52-558FEB7B7A8C}.Debug|x64.Build.0 = Debug|Any CPU
		{C4A9CC55-2438-4B79-9A52-558FEB7B7A8C}.Debug|x86.ActiveCfg = Debug|Any CPU
		{C4A9CC55-2438-4B79-9A52-558FEB7B7A8C}.Debug|x86.Build.0 = Debug|Any CPU
		{C4A9CC55-2438-4B79-9A52-558FEB7B7A8C}.Release|Any CPU.ActiveCfg = Release|Any CPU
		{C4A9CC55-2438-4B79-9A52-558FEB7B7A8C}.Release|Any CPU.Build.0 = Release|Any CPU
		{C4A9CC55-2438-4B79-9A52-558FEB7B7A8C}.Release|x64.ActiveCfg = Release|Any CPU
		{C4A9CC55-2438-4B79-9A52-558FEB7B7A8C}.Release|x64.Build.0 = Release|Any CPU
		{C4A9CC55-2438-4B79-9A52-558FEB7B7A8C}.Release|x86.ActiveCfg = Release|Any CPU
		{C4A9CC55-2438-4B79-9A52-558FEB7B7A8C}.Release|x86.Build.0 = Release|Any CPU
		{F91C7F44-3E6B-4780-AD55-9213F9B2D408}.Debug|Any CPU.ActiveCfg = Debug|Any CPU
		{F91C7F44-3E6B-4780-AD55-9213F9B2D408}.Debug|Any CPU.Build.0 = Debug|Any CPU
		{F91C7F44-3E6B-4780-AD55-9213F9B2D408}.Debug|x64.ActiveCfg = Debug|Any CPU
		{F91C7F44-3E6B-4780-AD55-9213F9B2D408}.Debug|x64.Build.0 = Debug|Any CPU
		{F91C7F44-3E6B-4780-AD55-9213F9B2D408}.Debug|x86.ActiveCfg = Debug|Any CPU
		{F91C7F44-3E6B-4780-AD55-9213F9B2D408}.Debug|x86.Build.0 = Debug|Any CPU
		{F91C7F44-3E6B-4780-AD55-9213F9B2D408}.Release|Any CPU.ActiveCfg = Release|Any CPU
		{F91C7F44-3E6B-4780-AD55-9213F9B2D408}.Release|Any CPU.Build.0 = Release|Any CPU
		{F91C7F44-3E6B-4780-AD55-9213F9B2D408}.Release|x64.ActiveCfg = Release|Any CPU
		{F91C7F44-3E6B-4780-AD55-9213F9B2D408}.Release|x64.Build.0 = Release|Any CPU
		{F91C7F44-3E6B-4780-AD55-9213F9B2D408}.Release|x86.ActiveCfg = Release|Any CPU
		{F91C7F44-3E6B-4780-AD55-9213F9B2D408}.Release|x86.Build.0 = Release|Any CPU
		{365520CA-834D-4228-A54A-A23183F95A94}.Debug|Any CPU.ActiveCfg = Debug|Any CPU
		{365520CA-834D-4228-A54A-A23183F95A94}.Debug|Any CPU.Build.0 = Debug|Any CPU
		{365520CA-834D-4228-A54A-A23183F95A94}.Debug|x64.ActiveCfg = Debug|Any CPU
		{365520CA-834D-4228-A54A-A23183F95A94}.Debug|x64.Build.0 = Debug|Any CPU
		{365520CA-834D-4228-A54A-A23183F95A94}.Debug|x86.ActiveCfg = Debug|Any CPU
		{365520CA-834D-4228-A54A-A23183F95A94}.Debug|x86.Build.0 = Debug|Any CPU
		{365520CA-834D-4228-A54A-A23183F95A94}.Release|Any CPU.ActiveCfg = Release|Any CPU
		{365520CA-834D-4228-A54A-A23183F95A94}.Release|Any CPU.Build.0 = Release|Any CPU
		{365520CA-834D-4228-A54A-A23183F95A94}.Release|x64.ActiveCfg = Release|Any CPU
		{365520CA-834D-4228-A54A-A23183F95A94}.Release|x64.Build.0 = Release|Any CPU
		{365520CA-834D-4228-A54A-A23183F95A94}.Release|x86.ActiveCfg = Release|Any CPU
		{365520CA-834D-4228-A54A-A23183F95A94}.Release|x86.Build.0 = Release|Any CPU
	EndGlobalSection
	GlobalSection(SolutionProperties) = preSolution
		HideSolutionNode = FALSE
	EndGlobalSection
EndGlobal
